
Microsoft Visual Studio Solution File, Format Version 12.00
# Visual Studio Version 17
VisualStudioVersion = 17.1.32414.318
MinimumVisualStudioVersion = 10.0.40219.1
Project("{9A19103F-16F7-4668-BE54-9A1E7A4F7556}") = "BancoNorton.Domain", "BancoNorton.Domain\BancoNorton.Domain.csproj", "{27574E63-EEF3-420A-AEA6-679BA5A4CB90}"
EndProject
Project("{9A19103F-16F7-4668-BE54-9A1E7A4F7556}") = "BancoNorton.DAL", "BancoNorton.DAL\BancoNorton.DAL.csproj", "{EA127C8F-7504-4952-8220-E289EB003D11}"
EndProject
Project("{9A19103F-16F7-4668-BE54-9A1E7A4F7556}") = "BancoNorton.Api", "BancoNorton.Api\BancoNorton.Api.csproj", "{911F8042-DD9C-447F-8FDD-23BA6D8769AA}"
EndProject
Global
	GlobalSection(SolutionConfigurationPlatforms) = preSolution
		Debug|Any CPU = Debug|Any CPU
		Release|Any CPU = Release|Any CPU
	EndGlobalSection
	GlobalSection(ProjectConfigurationPlatforms) = postSolution
		{27574E63-EEF3-420A-AEA6-679BA5A4CB90}.Debug|Any CPU.ActiveCfg = Debug|Any CPU
		{27574E63-EEF3-420A-AEA6-679BA5A4CB90}.Debug|Any CPU.Build.0 = Debug|Any CPU
		{27574E63-EEF3-420A-AEA6-679BA5A4CB90}.Release|Any CPU.ActiveCfg = Release|Any CPU
		{27574E63-EEF3-420A-AEA6-679BA5A4CB90}.Release|Any CPU.Build.0 = Release|Any CPU
		{EA127C8F-7504-4952-8220-E289EB003D11}.Debug|Any CPU.ActiveCfg = Debug|Any CPU
		{EA127C8F-7504-4952-8220-E289EB003D11}.Debug|Any CPU.Build.0 = Debug|Any CPU
		{EA127C8F-7504-4952-8220-E289EB003D11}.Release|Any CPU.ActiveCfg = Release|Any CPU
		{EA127C8F-7504-4952-8220-E289EB003D11}.Release|Any CPU.Build.0 = Release|Any CPU
		{911F8042-DD9C-447F-8FDD-23BA6D8769AA}.Debug|Any CPU.ActiveCfg = Debug|Any CPU
		{911F8042-DD9C-447F-8FDD-23BA6D8769AA}.Debug|Any CPU.Build.0 = Debug|Any CPU
		{911F8042-DD9C-447F-8FDD-23BA6D8769AA}.Release|Any CPU.ActiveCfg = Release|Any CPU
		{911F8042-DD9C-447F-8FDD-23BA6D8769AA}.Release|Any CPU.Build.0 = Release|Any CPU
	EndGlobalSection
	GlobalSection(SolutionProperties) = preSolution
		HideSolutionNode = FALSE
	EndGlobalSection
	GlobalSection(ExtensibilityGlobals) = postSolution
		SolutionGuid = {5509E76F-376E-445C-8E80-10E8205FCEA6}
	EndGlobalSection
EndGlobal
